
Microsoft Visual Studio Solution File, Format Version 12.00
# Visual Studio Version 16
VisualStudioVersion = 16.0.30523.141
MinimumVisualStudioVersion = 10.0.40219.1
Project("{FAE04EC0-301F-11D3-BF4B-00C04F79EFBC}") = "ADF_2011_EpsteinRoss", "ADF_2011_EpsteinRoss.csproj", "{460C3525-B979-400A-91B1-4196D8054394}"
EndProject
Global
	GlobalSection(SolutionConfigurationPlatforms) = preSolution
		Debug|Any CPU = Debug|Any CPU
		Release|Any CPU = Release|Any CPU
	EndGlobalSection
	GlobalSection(ProjectConfigurationPlatforms) = postSolution
		{460C3525-B979-400A-91B1-4196D8054394}.Debug|Any CPU.ActiveCfg = Debug|Any CPU
		{460C3525-B979-400A-91B1-4196D8054394}.Debug|Any CPU.Build.0 = Debug|Any CPU
		{460C3525-B979-400A-91B1-4196D8054394}.Release|Any CPU.ActiveCfg = Release|Any CPU
		{460C3525-B979-400A-91B1-4196D8054394}.Release|Any CPU.Build.0 = Release|Any CPU
	EndGlobalSection
	GlobalSection(SolutionProperties) = preSolution
		HideSolutionNode = FALSE
	EndGlobalSection
	GlobalSection(ExtensibilityGlobals) = postSolution
		SolutionGuid = {BD5C591D-5ED0-4106-9198-9279F99454EA}
	EndGlobalSection
EndGlobal
